
Microsoft Visual Studio Solution File, Format Version 12.00
# Visual Studio 15
VisualStudioVersion = 15.0.28307.645
MinimumVisualStudioVersion = 10.0.40219.1
Project("{FAE04EC0-301F-11D3-BF4B-00C04F79EFBC}") = "WeatherMVC_TEST", "WeatherMVC_TEST\WeatherMVC_TEST.csproj", "{0B8D47BB-2C26-4709-AB96-BDBEA83CAE72}"
EndProject
Global
	GlobalSection(SolutionConfigurationPlatforms) = preSolution
		Debug|Any CPU = Debug|Any CPU
		Release|Any CPU = Release|Any CPU
	EndGlobalSection
	GlobalSection(ProjectConfigurationPlatforms) = postSolution
		{0B8D47BB-2C26-4709-AB96-BDBEA83CAE72}.Debug|Any CPU.ActiveCfg = Debug|Any CPU
		{0B8D47BB-2C26-4709-AB96-BDBEA83CAE72}.Debug|Any CPU.Build.0 = Debug|Any CPU
		{0B8D47BB-2C26-4709-AB96-BDBEA83CAE72}.Release|Any CPU.ActiveCfg = Release|Any CPU
		{0B8D47BB-2C26-4709-AB96-BDBEA83CAE72}.Release|Any CPU.Build.0 = Release|Any CPU
	EndGlobalSection
	GlobalSection(SolutionProperties) = preSolution
		HideSolutionNode = FALSE
	EndGlobalSection
	GlobalSection(ExtensibilityGlobals) = postSolution
		SolutionGuid = {1C77A7DD-7B0D-485F-B8FE-F8F112026F44}
	EndGlobalSection
EndGlobal
